
Microsoft Visual Studio Solution File, Format Version 12.00
# Visual Studio Version 16
VisualStudioVersion = 16.0.30002.166
MinimumVisualStudioVersion = 10.0.40219.1
Project("{FAE04EC0-301F-11D3-BF4B-00C04F79EFBC}") = "HackerRank_CountingSort", "HackerRank_CountingSort\HackerRank_CountingSort.csproj", "{F719BBA8-D9D5-4C44-A904-BC2DC0CBA3DB}"
EndProject
Global
	GlobalSection(SolutionConfigurationPlatforms) = preSolution
		Debug|Any CPU = Debug|Any CPU
		Release|Any CPU = Release|Any CPU
	EndGlobalSection
	GlobalSection(ProjectConfigurationPlatforms) = postSolution
		{F719BBA8-D9D5-4C44-A904-BC2DC0CBA3DB}.Debug|Any CPU.ActiveCfg = Debug|Any CPU
		{F719BBA8-D9D5-4C44-A904-BC2DC0CBA3DB}.Debug|Any CPU.Build.0 = Debug|Any CPU
		{F719BBA8-D9D5-4C44-A904-BC2DC0CBA3DB}.Release|Any CPU.ActiveCfg = Release|Any CPU
		{F719BBA8-D9D5-4C44-A904-BC2DC0CBA3DB}.Release|Any CPU.Build.0 = Release|Any CPU
	EndGlobalSection
	GlobalSection(SolutionProperties) = preSolution
		HideSolutionNode = FALSE
	EndGlobalSection
	GlobalSection(ExtensibilityGlobals) = postSolution
		SolutionGuid = {73421E70-1015-4294-8D98-CCF9C70D82F5}
	EndGlobalSection
EndGlobal
